{
    "hash": "e054bb4ada4d21cc71f49d526760825a",
    "packages": [
        {
            "name": "fsi/reflection",
            "version": "0.9.2",
            "source": {
                "type": "git",
                "url": "http://git.fsi.pl/component/reflection/.git",
                "reference": "0.9.2"
            },
            "require": {
                "php": ">=5.3.0"
            },
            "time": "2012-07-10 01:17:49",
            "type": "library",
            "installation-source": "source",
            "autoload": {
                "psr-0": {
                    "FSi\\Component\\Reflection": "lib/"
                }
            },
            "authors": [
                {
                    "name": "Lukasz Cybula",
                    "email": "lukasz@fsi.pl"
                }
            ],
            "description": "FSi Reflection Component",
            "keywords": [
                "fsi",
                "component",
                "reflection"
            ]
        },
        {
            "name": "symfony/event-dispatcher",
            "version": "v2.0.17",
            "target-dir": "Symfony/Component/EventDispatcher",
            "source": {
                "type": "git",
                "url": "https://github.com/symfony/EventDispatcher",
                "reference": "v2.0.17"
            },
            "dist": {
                "type": "zip",
                "url": "https://github.com/symfony/EventDispatcher/zipball/v2.0.17",
                "reference": "v2.0.17",
                "shasum": ""
            },
            "require": {
                "php": ">=5.3.2"
            },
            "time": "2012-07-09 10:43:50",
            "type": "library",
            "installation-source": "dist",
            "autoload": {
                "psr-0": {
                    "Symfony\\Component\\EventDispatcher": ""
                }
            },
            "license": [
                "MIT"
            ],
            "authors": [
                {
                    "name": "Fabien Potencier",
                    "email": "fabien@symfony.com"
                },
                {
                    "name": "Symfony Community",
                    "homepage": "http://symfony.com/contributors"
                }
            ],
            "description": "Symfony EventDispatcher Component",
            "homepage": "http://symfony.com"
        }
    ],
    "packages-dev": null,
    "aliases": [

    ],
    "minimum-stability": "stable",
    "stability-flags": [

    ]
}
